# THIS IS AN AUTOGENERATED FILE. DO NOT EDIT THIS FILE DIRECTLY.
# yarn lockfile v1


"@emotion/is-prop-valid@^0.8.2":
  version "0.8.8"
  resolved "https://registry.yarnpkg.com/@emotion/is-prop-valid/-/is-prop-valid-0.8.8.tgz#db28b1c4368a259b60a97311d6a952d4fd01ac1a"
  integrity sha512-u5WtneEAr5IDG2Wv65yhunPSMLIpuKsbuOktRojfrEiEvRyC85LgPMZI63cr7NUqT8ZIGdSVg8ZKGxIug4lXcA==
  dependencies:
    "@emotion/memoize" "0.7.4"

"@emotion/memoize@0.7.4":
  version "0.7.4"
  resolved "https://registry.yarnpkg.com/@emotion/memoize/-/memoize-0.7.4.tgz#19bf0f5af19149111c40d98bb0cf82119f5d9eeb"
  integrity sha512-Ja/Vfqe3HpuzRsG1oBtWTHk2PGZ7GR+2Vz5iYGelAw8dx32K0y7PjVuxK6z1nMpZOqAFsRUPCkK1YjJ56qJlgw==

"@motionone/animation@^10.13.1":
  version "10.13.2"
  resolved "https://registry.yarnpkg.com/@motionone/animation/-/animation-10.13.2.tgz#174a55a3bac1b6fb314cc1c3627093dc790ae081"
  integrity sha512-YGWss58IR2X4lOjW89rv1Q+/Nq/QhfltaggI7i8sZTpKC1yUvM+XYDdvlRpWc6dk8LviMBrddBJAlLdbaqeRmw==
  dependencies:
    "@motionone/easing" "^10.13.2"
    "@motionone/types" "^10.13.2"
    "@motionone/utils" "^10.13.2"
    tslib "^2.3.1"

"@motionone/dom@10.13.1":
  version "10.13.1"
  resolved "https://registry.yarnpkg.com/@motionone/dom/-/dom-10.13.1.tgz#fc29ea5d12538f21b211b3168e502cfc07a24882"
  integrity sha512-zjfX+AGMIt/fIqd/SL1Lj93S6AiJsEA3oc5M9VkUr+Gz+juRmYN1vfvZd6MvEkSqEjwPQgcjN7rGZHrDB9APfQ==
  dependencies:
    "@motionone/animation" "^10.13.1"
    "@motionone/generators" "^10.13.1"
    "@motionone/types" "^10.13.0"
    "@motionone/utils" "^10.13.1"
    hey-listen "^1.0.8"
    tslib "^2.3.1"

"@motionone/easing@^10.13.2":
  version "10.13.2"
  resolved "https://registry.yarnpkg.com/@motionone/easing/-/easing-10.13.2.tgz#8f10c8624000eb741312941d3f578ed05154e06f"
  integrity sha512-3HqctS5NyDfDQ+8+cZqc3Pu7I6amFCt9zDUjcozHyFXHh4PKYHK4+GJDFjJIS8bCAF2BrJmpmduDQ2V7lFEYeQ==
  dependencies:
    "@motionone/utils" "^10.13.2"
    tslib "^2.3.1"

"@motionone/generators@^10.13.1":
  version "10.13.2"
  resolved "https://registry.yarnpkg.com/@motionone/generators/-/generators-10.13.2.tgz#dd972195b899e7a556d65bd27fae2fd423055e10"
  integrity sha512-QMoXV1MXEEhR6D3dct/RMMS1FwJlAsW+kMPbFGzBA4NbweblgeYQCft9DcDAVpV9wIwD6qvlBG9u99sOXLfHiA==
  dependencies:
    "@motionone/types" "^10.13.2"
    "@motionone/utils" "^10.13.2"
    tslib "^2.3.1"

"@motionone/types@^10.13.0", "@motionone/types@^10.13.2":
  version "10.13.2"
  resolved "https://registry.yarnpkg.com/@motionone/types/-/types-10.13.2.tgz#c560090d81bd0149e7451aae23ab7af458570363"
  integrity sha512-yYV4q5v5F0iADhab4wHfqaRJnM/eVtQLjUPhyEcS72aUz/xyOzi09GzD/Gu+K506BDfqn5eULIilUI77QNaqhw==

"@motionone/utils@^10.13.1", "@motionone/utils@^10.13.2":
  version "10.13.2"
  resolved "https://registry.yarnpkg.com/@motionone/utils/-/utils-10.13.2.tgz#ce79bfe1d133493c217cdc0584960434e065648d"
  integrity sha512-6Lw5bDA/w7lrPmT/jYWQ76lkHlHs9fl2NZpJ22cVy1kKDdEH+Cl1U6hMTpdphO6VQktQ6v2APngag91WBKLqlA==
  dependencies:
    "@motionone/types" "^10.13.2"
    hey-listen "^1.0.8"
    tslib "^2.3.1"

framer-motion@^7.2.0:
  version "7.2.0"
  resolved "https://registry.yarnpkg.com/framer-motion/-/framer-motion-7.2.0.tgz#1abc8090e185eaac8a3b3729e2529154d2edcb17"
  integrity sha512-D24ZHtbtdpiaByamNYiVXafVU6JfBxjrVlR1beyNupJL80haaDE23xS4dR0b/Qb64frtw/Mpdd9VYwSCv+UtSw==
  dependencies:
    "@motionone/dom" "10.13.1"
    framesync "6.1.2"
    hey-listen "^1.0.8"
    popmotion "11.0.5"
    style-value-types "5.1.2"
    tslib "2.4.0"
  optionalDependencies:
    "@emotion/is-prop-valid" "^0.8.2"

framesync@6.1.2:
  version "6.1.2"
  resolved "https://registry.yarnpkg.com/framesync/-/framesync-6.1.2.tgz#755eff2fb5b8f3b4d2b266dd18121b300aefea27"
  integrity sha512-jBTqhX6KaQVDyus8muwZbBeGGP0XgujBRbQ7gM7BRdS3CadCZIHiawyzYLnafYcvZIh5j8WE7cxZKFn7dXhu9g==
  dependencies:
    tslib "2.4.0"

hey-listen@^1.0.8:
  version "1.0.8"
  resolved "https://registry.yarnpkg.com/hey-listen/-/hey-listen-1.0.8.tgz#8e59561ff724908de1aa924ed6ecc84a56a9aa68"
  integrity sha512-COpmrF2NOg4TBWUJ5UVyaCU2A88wEMkUPK4hNqyCkqHbxT92BbvfjoSozkAIIm6XhicGlJHhFdullInrdhwU8Q==

popmotion@11.0.5:
  version "11.0.5"
  resolved "https://registry.yarnpkg.com/popmotion/-/popmotion-11.0.5.tgz#8e3e014421a0ffa30ecd722564fd2558954e1f7d"
  integrity sha512-la8gPM1WYeFznb/JqF4GiTkRRPZsfaj2+kCxqQgr2MJylMmIKUwBfWW8Wa5fml/8gmtlD5yI01MP1QCZPWmppA==
  dependencies:
    framesync "6.1.2"
    hey-listen "^1.0.8"
    style-value-types "5.1.2"
    tslib "2.4.0"

style-value-types@5.1.2:
  version "5.1.2"
  resolved "https://registry.yarnpkg.com/style-value-types/-/style-value-types-5.1.2.tgz#6be66b237bd546048a764883528072ed95713b62"
  integrity sha512-Vs9fNreYF9j6W2VvuDTP7kepALi7sk0xtk2Tu8Yxi9UoajJdEVpNpCov0HsLTqXvNGKX+Uv09pkozVITi1jf3Q==
  dependencies:
    hey-listen "^1.0.8"
    tslib "2.4.0"

tslib@2.4.0, tslib@^2.3.1:
  version "2.4.0"
  resolved "https://registry.yarnpkg.com/tslib/-/tslib-2.4.0.tgz#7cecaa7f073ce680a05847aa77be941098f36dc3"
  integrity sha512-d6xOpEDfsi2CZVlPQzGeux8XMwLT9hssAsaPYExaQMuYskwb+x1x7J371tWlbBdWHroy99KnVB6qIkUbs5X3UQ==
